
Microsoft Visual Studio Solution File, Format Version 12.00
# Visual Studio Version 17
VisualStudioVersion = 17.8.34322.80
MinimumVisualStudioVersion = 10.0.40219.1
Project("{FAE04EC0-301F-11D3-BF4B-00C04F79EFBC}") = "Counter", "Counter\Counter.csproj", "{8F661CE9-0D95-4F3A-88E0-CA041FE0C7DA}"
EndProject
Global
	GlobalSection(SolutionConfigurationPlatforms) = preSolution
		Debug|Any CPU = Debug|Any CPU
		Release|Any CPU = Release|Any CPU
	EndGlobalSection
	GlobalSection(ProjectConfigurationPlatforms) = postSolution
		{8F661CE9-0D95-4F3A-88E0-CA041FE0C7DA}.Debug|Any CPU.ActiveCfg = Debug|Any CPU
		{8F661CE9-0D95-4F3A-88E0-CA041FE0C7DA}.Debug|Any CPU.Build.0 = Debug|Any CPU
		{8F661CE9-0D95-4F3A-88E0-CA041FE0C7DA}.Debug|Any CPU.Deploy.0 = Debug|Any CPU
		{8F661CE9-0D95-4F3A-88E0-CA041FE0C7DA}.Release|Any CPU.ActiveCfg = Release|Any CPU
		{8F661CE9-0D95-4F3A-88E0-CA041FE0C7DA}.Release|Any CPU.Build.0 = Release|Any CPU
		{8F661CE9-0D95-4F3A-88E0-CA041FE0C7DA}.Release|Any CPU.Deploy.0 = Release|Any CPU
	EndGlobalSection
	GlobalSection(SolutionProperties) = preSolution
		HideSolutionNode = FALSE
	EndGlobalSection
	GlobalSection(ExtensibilityGlobals) = postSolution
		SolutionGuid = {3AE08E89-DA79-44DD-A7FB-C1E7F6034A46}
	EndGlobalSection
EndGlobal
